# This file is automatically @generated by Cargo.
# It is not intended for manual editing.
version = 3

[[package]]
name = "micro-backend-framework"
version = "0.1.0"
dependencies = [
 "route-recognizer",
 "serde",
]

[[package]]
name = "route-recognizer"
version = "0.3.1"
source = "registry+https://github.com/rust-lang/crates.io-index"
checksum = "afab94fb28594581f62d981211a9a4d53cc8130bbcbbb89a0440d9b8e81a7746"

[[package]]
name = "serde"
version = "1.0.132"
source = "registry+https://github.com/rust-lang/crates.io-index"
checksum = "8b9875c23cf305cd1fd7eb77234cbb705f21ea6a72c637a5c6db5fe4b8e7f008"
